
Microsoft Visual Studio Solution File, Format Version 12.00
# Visual Studio 2013
VisualStudioVersion = 12.0.31101.0
MinimumVisualStudioVersion = 10.0.40219.1
Project("{FAE04EC0-301F-11D3-BF4B-00C04F79EFBC}") = "Calc.Core", "Calc.Core\Calc.Core.csproj", "{804B9338-EB48-4CCD-B6F1-CDCFBAC62950}"
EndProject
Project("{FAE04EC0-301F-11D3-BF4B-00C04F79EFBC}") = "Calc.Core.Tests", "Calc.Core.Tests\Calc.Core.Tests.csproj", "{6705404D-1495-4FC6-840A-08174117A83C}"
EndProject
Project("{FAE04EC0-301F-11D3-BF4B-00C04F79EFBC}") = "ConsoleDemo", "ConsoleDemo\ConsoleDemo.csproj", "{32A07982-77FD-4218-9383-9BECA440F1D2}"
EndProject
Global
	GlobalSection(SolutionConfigurationPlatforms) = preSolution
		Debug|Any CPU = Debug|Any CPU
		Release|Any CPU = Release|Any CPU
	EndGlobalSection
	GlobalSection(ProjectConfigurationPlatforms) = postSolution
		{804B9338-EB48-4CCD-B6F1-CDCFBAC62950}.Debug|Any CPU.ActiveCfg = Debug|Any CPU
		{804B9338-EB48-4CCD-B6F1-CDCFBAC62950}.Debug|Any CPU.Build.0 = Debug|Any CPU
		{804B9338-EB48-4CCD-B6F1-CDCFBAC62950}.Release|Any CPU.ActiveCfg = Release|Any CPU
		{804B9338-EB48-4CCD-B6F1-CDCFBAC62950}.Release|Any CPU.Build.0 = Release|Any CPU
		{6705404D-1495-4FC6-840A-08174117A83C}.Debug|Any CPU.ActiveCfg = Debug|Any CPU
		{6705404D-1495-4FC6-840A-08174117A83C}.Debug|Any CPU.Build.0 = Debug|Any CPU
		{6705404D-1495-4FC6-840A-08174117A83C}.Release|Any CPU.ActiveCfg = Release|Any CPU
		{6705404D-1495-4FC6-840A-08174117A83C}.Release|Any CPU.Build.0 = Release|Any CPU
		{32A07982-77FD-4218-9383-9BECA440F1D2}.Debug|Any CPU.ActiveCfg = Debug|Any CPU
		{32A07982-77FD-4218-9383-9BECA440F1D2}.Debug|Any CPU.Build.0 = Debug|Any CPU
		{32A07982-77FD-4218-9383-9BECA440F1D2}.Release|Any CPU.ActiveCfg = Release|Any CPU
		{32A07982-77FD-4218-9383-9BECA440F1D2}.Release|Any CPU.Build.0 = Release|Any CPU
	EndGlobalSection
	GlobalSection(SolutionProperties) = preSolution
		HideSolutionNode = FALSE
	EndGlobalSection
EndGlobal
